
Microsoft Visual Studio Solution File, Format Version 12.00
# Visual Studio Version 16
VisualStudioVersion = 16.0.31129.286
MinimumVisualStudioVersion = 10.0.40219.1
Project("{9A19103F-16F7-4668-BE54-9A1E7A4F7556}") = "DutchThreat", "DutchThreat.csproj", "{B4EFE478-A0C2-4780-A5FF-826EC338C277}"
EndProject
Global
	GlobalSection(SolutionConfigurationPlatforms) = preSolution
		Debug|Any CPU = Debug|Any CPU
		Release|Any CPU = Release|Any CPU
	EndGlobalSection
	GlobalSection(ProjectConfigurationPlatforms) = postSolution
		{B4EFE478-A0C2-4780-A5FF-826EC338C277}.Debug|Any CPU.ActiveCfg = Debug|Any CPU
		{B4EFE478-A0C2-4780-A5FF-826EC338C277}.Debug|Any CPU.Build.0 = Debug|Any CPU
		{B4EFE478-A0C2-4780-A5FF-826EC338C277}.Release|Any CPU.ActiveCfg = Release|Any CPU
		{B4EFE478-A0C2-4780-A5FF-826EC338C277}.Release|Any CPU.Build.0 = Release|Any CPU
	EndGlobalSection
	GlobalSection(SolutionProperties) = preSolution
		HideSolutionNode = FALSE
	EndGlobalSection
	GlobalSection(ExtensibilityGlobals) = postSolution
		SolutionGuid = {8804EB5A-69AA-4D7E-AA32-8D642B11D522}
	EndGlobalSection
EndGlobal
